// !$*UTF8*$!
{
	archiveVersion = 1;
	classes = {
	};
	objectVersion = 51;
	objects = {

/* Begin PBXBuildFile section */
		2E1465DA878A81E34D196F2D /* Pods_AllergyInsider.framework in Frameworks */ = {isa = PBXBuildFile; fileRef = 74F1AA8B4062D269339ED168 /* Pods_AllergyInsider.framework */; };
		679BDA0226C9076500BB7F84 /* UserQueryModel.swift in Sources */ = {isa = PBXBuildFile; fileRef = 679BDA0126C9076500BB7F84 /* UserQueryModel.swift */; };
		679BDA0426C908CF00BB7F84 /* UserInsertModel.swift in Sources */ = {isa = PBXBuildFile; fileRef = 679BDA0326C908CF00BB7F84 /* UserInsertModel.swift */; };
		679BDA0626C9134400BB7F84 /* MyPageViewController.swift in Sources */ = {isa = PBXBuildFile; fileRef = 679BDA0526C9134400BB7F84 /* MyPageViewController.swift */; };
		67D30E8726C50F16007748C4 /* AppDelegate.swift in Sources */ = {isa = PBXBuildFile; fileRef = 67D30E8626C50F16007748C4 /* AppDelegate.swift */; };
		67D30E8926C50F16007748C4 /* SceneDelegate.swift in Sources */ = {isa = PBXBuildFile; fileRef = 67D30E8826C50F16007748C4 /* SceneDelegate.swift */; };
		67D30E8B26C50F16007748C4 /* ViewController.swift in Sources */ = {isa = PBXBuildFile; fileRef = 67D30E8A26C50F16007748C4 /* ViewController.swift */; };
		67D30E8E26C50F16007748C4 /* Main.storyboard in Resources */ = {isa = PBXBuildFile; fileRef = 67D30E8C26C50F16007748C4 /* Main.storyboard */; };
		67D30E9026C50F17007748C4 /* Assets.xcassets in Resources */ = {isa = PBXBuildFile; fileRef = 67D30E8F26C50F17007748C4 /* Assets.xcassets */; };
		67D30E9326C50F17007748C4 /* LaunchScreen.storyboard in Resources */ = {isa = PBXBuildFile; fileRef = 67D30E9126C50F17007748C4 /* LaunchScreen.storyboard */; };
		67D30E9B26C51A54007748C4 /* GoogleService-Info.plist in Resources */ = {isa = PBXBuildFile; fileRef = 67D30E9A26C51A53007748C4 /* GoogleService-Info.plist */; };
/* End PBXBuildFile section */

/* Begin PBXFileReference section */
		28554C7D85F5DAFF38730896 /* Pods-AllergyInsider.release.xcconfig */ = {isa = PBXFileReference; includeInIndex = 1; lastKnownFileType = text.xcconfig; name = "Pods-AllergyInsider.release.xcconfig"; path = "Target Support Files/Pods-AllergyInsider/Pods-AllergyInsider.release.xcconfig"; sourceTree = "<group>"; };
		3A2B9077FBDA7574F1F28701 /* Pods-AllergyInsider.debug.xcconfig */ = {isa = PBXFileReference; includeInIndex = 1; lastKnownFileType = text.xcconfig; name = "Pods-AllergyInsider.debug.xcconfig"; path = "Target Support Files/Pods-AllergyInsider/Pods-AllergyInsider.debug.xcconfig"; sourceTree = "<group>"; };
		679BDA0126C9076500BB7F84 /* UserQueryModel.swift */ = {isa = PBXFileReference; lastKnownFileType = sourcecode.swift; path = UserQueryModel.swift; sourceTree = "<group>"; };
		679BDA0326C908CF00BB7F84 /* UserInsertModel.swift */ = {isa = PBXFileReference; lastKnownFileType = sourcecode.swift; path = UserInsertModel.swift; sourceTree = "<group>"; };
		679BDA0526C9134400BB7F84 /* MyPageViewController.swift */ = {isa = PBXFileReference; lastKnownFileType = sourcecode.swift; path = MyPageViewController.swift; sourceTree = "<group>"; };
		67D30E8326C50F16007748C4 /* AllergyInsider.app */ = {isa = PBXFileReference; explicitFileType = wrapper.application; includeInIndex = 0; path = AllergyInsider.app; sourceTree = BUILT_PRODUCTS_DIR; };
		67D30E8626C50F16007748C4 /* AppDelegate.swift */ = {isa = PBXFileReference; lastKnownFileType = sourcecode.swift; path = AppDelegate.swift; sourceTree = "<group>"; };
		67D30E8826C50F16007748C4 /* SceneDelegate.swift */ = {isa = PBXFileReference; lastKnownFileType = sourcecode.swift; path = SceneDelegate.swift; sourceTree = "<group>"; };
		67D30E8A26C50F16007748C4 /* ViewController.swift */ = {isa = PBXFileReference; lastKnownFileType = sourcecode.swift; path = ViewController.swift; sourceTree = "<group>"; };
		67D30E8D26C50F16007748C4 /* Base */ = {isa = PBXFileReference; lastKnownFileType = file.storyboard; name = Base; path = Base.lproj/Main.storyboard; sourceTree = "<group>"; };
		67D30E8F26C50F17007748C4 /* Assets.xcassets */ = {isa = PBXFileReference; lastKnownFileType = folder.assetcatalog; path = Assets.xcassets; sourceTree = "<group>"; };
		67D30E9226C50F17007748C4 /* Base */ = {isa = PBXFileReference; lastKnownFileType = file.storyboard; name = Base; path = Base.lproj/LaunchScreen.storyboard; sourceTree = "<group>"; };
		67D30E9426C50F17007748C4 /* Info.plist */ = {isa = PBXFileReference; lastKnownFileType = text.plist.xml; path = Info.plist; sourceTree = "<group>"; };
		67D30E9A26C51A53007748C4 /* GoogleService-Info.plist */ = {isa = PBXFileReference; lastKnownFileType = text.plist; path = "GoogleService-Info.plist"; sourceTree = SOURCE_ROOT; };
		74F1AA8B4062D269339ED168 /* Pods_AllergyInsider.framework */ = {isa = PBXFileReference; explicitFileType = wrapper.framework; includeInIndex = 0; path = Pods_AllergyInsider.framework; sourceTree = BUILT_PRODUCTS_DIR; };
/* End PBXFileReference section */

/* Begin PBXFrameworksBuildPhase section */
		67D30E8026C50F16007748C4 /* Frameworks */ = {
			isa = PBXFrameworksBuildPhase;
			buildActionMask = 2147483647;
			files = (
				2E1465DA878A81E34D196F2D /* Pods_AllergyInsider.framework in Frameworks */,
			);
			runOnlyForDeploymentPostprocessing = 0;
		};
/* End PBXFrameworksBuildPhase section */

/* Begin PBXGroup section */
		1B61CAC82B1B24C204669A98 /* Pods */ = {
			isa = PBXGroup;
			children = (
				3A2B9077FBDA7574F1F28701 /* Pods-AllergyInsider.debug.xcconfig */,
				28554C7D85F5DAFF38730896 /* Pods-AllergyInsider.release.xcconfig */,
			);
			path = Pods;
			sourceTree = "<group>";
		};
		67D30E7A26C50F16007748C4 = {
			isa = PBXGroup;
			children = (
				67D30E8526C50F16007748C4 /* AllergyInsider */,
				67D30E8426C50F16007748C4 /* Products */,
				1B61CAC82B1B24C204669A98 /* Pods */,
				76EDC34C8BF8732CB2566DC4 /* Frameworks */,
			);
			sourceTree = "<group>";
		};
		67D30E8426C50F16007748C4 /* Products */ = {
			isa = PBXGroup;
			children = (
				67D30E8326C50F16007748C4 /* AllergyInsider.app */,
			);
			name = Products;
			sourceTree = "<group>";
		};
		67D30E8526C50F16007748C4 /* AllergyInsider */ = {
			isa = PBXGroup;
			children = (
				67D30E9A26C51A53007748C4 /* GoogleService-Info.plist */,
				67D30E8626C50F16007748C4 /* AppDelegate.swift */,
				67D30E8826C50F16007748C4 /* SceneDelegate.swift */,
				67D30E8A26C50F16007748C4 /* ViewController.swift */,
				67D30E8C26C50F16007748C4 /* Main.storyboard */,
				67D30E8F26C50F17007748C4 /* Assets.xcassets */,
				67D30E9126C50F17007748C4 /* LaunchScreen.storyboard */,
				67D30E9426C50F17007748C4 /* Info.plist */,
				679BDA0126C9076500BB7F84 /* UserQueryModel.swift */,
				679BDA0326C908CF00BB7F84 /* UserInsertModel.swift */,
				679BDA0526C9134400BB7F84 /* MyPageViewController.swift */,
			);
			path = AllergyInsider;
			sourceTree = "<group>";
		};
		76EDC34C8BF8732CB2566DC4 /* Frameworks */ = {
			isa = PBXGroup;
			children = (
				74F1AA8B4062D269339ED168 /* Pods_AllergyInsider.framework */,
			);
			name = Frameworks;
			sourceTree = "<group>";
		};
/* End PBXGroup section */

/* Begin PBXNativeTarget section */
		67D30E8226C50F16007748C4 /* AllergyInsider */ = {
			isa = PBXNativeTarget;
			buildConfigurationList = 67D30E9726C50F17007748C4 /* Build configuration list for PBXNativeTarget "AllergyInsider" */;
			buildPhases = (
				282FE24874B2060A1886432F /* [CP] Check Pods Manifest.lock */,
				67D30E7F26C50F16007748C4 /* Sources */,
				67D30E8026C50F16007748C4 /* Frameworks */,
				67D30E8126C50F16007748C4 /* Resources */,
				F6FF28A9C3B3A8402F33FBA7 /* [CP] Embed Pods Frameworks */,
			);
			buildRules = (
			);
			dependencies = (
			);
			name = AllergyInsider;
			productName = AllergyInsider;
			productReference = 67D30E8326C50F16007748C4 /* AllergyInsider.app */;
			productType = "com.apple.product-type.application";
		};
/* End PBXNativeTarget section */

/* Begin PBXProject section */
		67D30E7B26C50F16007748C4 /* Project object */ = {
			isa = PBXProject;
			attributes = {
				LastSwiftUpdateCheck = 1250;
				LastUpgradeCheck = 1250;
				TargetAttributes = {
					67D30E8226C50F16007748C4 = {
						CreatedOnToolsVersion = 12.5.1;
					};
				};
			};
			buildConfigurationList = 67D30E7E26C50F16007748C4 /* Build configuration list for PBXProject "AllergyInsider" */;
			compatibilityVersion = "Xcode 9.3";
			developmentRegion = en;
			hasScannedForEncodings = 0;
			knownRegions = (
				en,
				Base,
			);
			mainGroup = 67D30E7A26C50F16007748C4;
			productRefGroup = 67D30E8426C50F16007748C4 /* Products */;
			projectDirPath = "";
			projectRoot = "";
			targets = (
				67D30E8226C50F16007748C4 /* AllergyInsider */,
			);
		};
/* End PBXProject section */

/* Begin PBXResourcesBuildPhase section */
		67D30E8126C50F16007748C4 /* Resources */ = {
			isa = PBXResourcesBuildPhase;
			buildActionMask = 2147483647;
			files = (
				67D30E9326C50F17007748C4 /* LaunchScreen.storyboard in Resources */,
				67D30E9B26C51A54007748C4 /* GoogleService-Info.plist in Resources */,
				67D30E9026C50F17007748C4 /* Assets.xcassets in Resources */,
				67D30E8E26C50F16007748C4 /* Main.storyboard in Resources */,
			);
			runOnlyForDeploymentPostprocessing = 0;
		};
/* End PBXResourcesBuildPhase section */

/* Begin PBXShellScriptBuildPhase section */
		282FE24874B2060A1886432F /* [CP] Check Pods Manifest.lock */ = {
			isa = PBXShellScriptBuildPhase;
			buildActionMask = 2147483647;
			files = (
			);
			inputFileListPaths = (
			);
			inputPaths = (
				"${PODS_PODFILE_DIR_PATH}/Podfile.lock",
				"${PODS_ROOT}/Manifest.lock",
			);
			name = "[CP] Check Pods Manifest.lock";
			outputFileListPaths = (
			);
			outputPaths = (
				"$(DERIVED_FILE_DIR)/Pods-AllergyInsider-checkManifestLockResult.txt",
			);
			runOnlyForDeploymentPostprocessing = 0;
			shellPath = /bin/sh;
			shellScript = "diff \"${PODS_PODFILE_DIR_PATH}/Podfile.lock\" \"${PODS_ROOT}/Manifest.lock\" > /dev/null\nif [ $? != 0 ] ; then\n    # print error to STDERR\n    echo \"error: The sandbox is not in sync with the Podfile.lock. Run 'pod install' or update your CocoaPods installation.\" >&2\n    exit 1\nfi\n# This output is used by Xcode 'outputs' to avoid re-running this script phase.\necho \"SUCCESS\" > \"${SCRIPT_OUTPUT_FILE_0}\"\n";
			showEnvVarsInLog = 0;
		};
		F6FF28A9C3B3A8402F33FBA7 /* [CP] Embed Pods Frameworks */ = {
			isa = PBXShellScriptBuildPhase;
			buildActionMask = 2147483647;
			files = (
			);
			inputFileListPaths = (
				"${PODS_ROOT}/Target Support Files/Pods-AllergyInsider/Pods-AllergyInsider-frameworks-${CONFIGURATION}-input-files.xcfilelist",
			);
			name = "[CP] Embed Pods Frameworks";
			outputFileListPaths = (
				"${PODS_ROOT}/Target Support Files/Pods-AllergyInsider/Pods-AllergyInsider-frameworks-${CONFIGURATION}-output-files.xcfilelist",
			);
			runOnlyForDeploymentPostprocessing = 0;
			shellPath = /bin/sh;
			shellScript = "\"${PODS_ROOT}/Target Support Files/Pods-AllergyInsider/Pods-AllergyInsider-frameworks.sh\"\n";
			showEnvVarsInLog = 0;
		};
/* End PBXShellScriptBuildPhase section */

/* Begin PBXSourcesBuildPhase section */
		67D30E7F26C50F16007748C4 /* Sources */ = {
			isa = PBXSourcesBuildPhase;
			buildActionMask = 2147483647;
			files = (
				67D30E8B26C50F16007748C4 /* ViewController.swift in Sources */,
				679BDA0626C9134400BB7F84 /* MyPageViewController.swift in Sources */,
				679BDA0226C9076500BB7F84 /* UserQueryModel.swift in Sources */,
				67D30E8726C50F16007748C4 /* AppDelegate.swift in Sources */,
				67D30E8926C50F16007748C4 /* SceneDelegate.swift in Sources */,
				679BDA0426C908CF00BB7F84 /* UserInsertModel.swift in Sources */,
			);
			runOnlyForDeploymentPostprocessing = 0;
		};
/* End PBXSourcesBuildPhase section */

/* Begin PBXVariantGroup section */
		67D30E8C26C50F16007748C4 /* Main.storyboard */ = {
			isa = PBXVariantGroup;
			children = (
				67D30E8D26C50F16007748C4 /* Base */,
			);
			name = Main.storyboard;
			sourceTree = "<group>";
		};
		67D30E9126C50F17007748C4 /* LaunchScreen.storyboard */ = {
			isa = PBXVariantGroup;
			children = (
				67D30E9226C50F17007748C4 /* Base */,
			);
			name = LaunchScreen.storyboard;
			sourceTree = "<group>";
		};
/* End PBXVariantGroup section */

/* Begin XCBuildConfiguration section */
		67D30E9526C50F17007748C4 /* Debug */ = {
			isa = XCBuildConfiguration;
			buildSettings = {
				ALWAYS_SEARCH_USER_PATHS = NO;
				CLANG_ANALYZER_NONNULL = YES;
				CLANG_ANALYZER_NUMBER_OBJECT_CONVERSION = YES_AGGRESSIVE;
				CLANG_CXX_LANGUAGE_STANDARD = "gnu++14";
				CLANG_CXX_LIBRARY = "libc++";
				CLANG_ENABLE_MODULES = YES;
				CLANG_ENABLE_OBJC_ARC = YES;
				CLANG_ENABLE_OBJC_WEAK = YES;
				CLANG_WARN_BLOCK_CAPTURE_AUTORELEASING = YES;
				CLANG_WARN_BOOL_CONVERSION = YES;
				CLANG_WARN_COMMA = YES;
				CLANG_WARN_CONSTANT_CONVERSION = YES;
				CLANG_WARN_DEPRECATED_OBJC_IMPLEMENTATIONS = YES;
				CLANG_WARN_DIRECT_OBJC_ISA_USAGE = YES_ERROR;
				CLANG_WARN_DOCUMENTATION_COMMENTS = YES;
				CLANG_WARN_EMPTY_BODY = YES;
				CLANG_WARN_ENUM_CONVERSION = YES;
				CLANG_WARN_INFINITE_RECURSION = YES;
				CLANG_WARN_INT_CONVERSION = YES;
				CLANG_WARN_NON_LITERAL_NULL_CONVERSION = YES;
				CLANG_WARN_OBJC_IMPLICIT_RETAIN_SELF = YES;
				CLANG_WARN_OBJC_LITERAL_CONVERSION = YES;
				CLANG_WARN_OBJC_ROOT_CLASS = YES_ERROR;
				CLANG_WARN_QUOTED_INCLUDE_IN_FRAMEWORK_HEADER = YES;
				CLANG_WARN_RANGE_LOOP_ANALYSIS = YES;
				CLANG_WARN_STRICT_PROTOTYPES = YES;
				CLANG_WARN_SUSPICIOUS_MOVE = YES;
				CLANG_WARN_UNGUARDED_AVAILABILITY = YES_AGGRESSIVE;
				CLANG_WARN_UNREACHABLE_CODE = YES;
				CLANG_WARN__DUPLICATE_METHOD_MATCH = YES;
				COPY_PHASE_STRIP = NO;
				DEBUG_INFORMATION_FORMAT = dwarf;
				ENABLE_STRICT_OBJC_MSGSEND = YES;
				ENABLE_TESTABILITY = YES;
				GCC_C_LANGUAGE_STANDARD = gnu11;
				GCC_DYNAMIC_NO_PIC = NO;
				GCC_NO_COMMON_BLOCKS = YES;
				GCC_OPTIMIZATION_LEVEL = 0;
				GCC_PREPROCESSOR_DEFINITIONS = (
					"DEBUG=1",
					"$(inherited)",
				);
				GCC_WARN_64_TO_32_BIT_CONVERSION = YES;
				GCC_WARN_ABOUT_RETURN_TYPE = YES_ERROR;
				GCC_WARN_UNDECLARED_SELECTOR = YES;
				GCC_WARN_UNINITIALIZED_AUTOS = YES_AGGRESSIVE;
				GCC_WARN_UNUSED_FUNCTION = YES;
				GCC_WARN_UNUSED_VARIABLE = YES;
				IPHONEOS_DEPLOYMENT_TARGET = 14.5;
				MTL_ENABLE_DEBUG_INFO = INCLUDE_SOURCE;
				MTL_FAST_MATH = YES;
				ONLY_ACTIVE_ARCH = YES;
				SDKROOT = iphoneos;
				SWIFT_ACTIVE_COMPILATION_CONDITIONS = DEBUG;
				SWIFT_OPTIMIZATION_LEVEL = "-Onone";
			};
			name = Debug;
		};
		67D30E9626C50F17007748C4 /* Release */ = {
			isa = XCBuildConfiguration;
			buildSettings = {
				ALWAYS_SEARCH_USER_PATHS = NO;
				CLANG_ANALYZER_NONNULL = YES;
				CLANG_ANALYZER_NUMBER_OBJECT_CONVERSION = YES_AGGRESSIVE;
				CLANG_CXX_LANGUAGE_STANDARD = "gnu++14";
				CLANG_CXX_LIBRARY = "libc++";
				CLANG_ENABLE_MODULES = YES;
				CLANG_ENABLE_OBJC_ARC = YES;
				CLANG_ENABLE_OBJC_WEAK = YES;
				CLANG_WARN_BLOCK_CAPTURE_AUTORELEASING = YES;
				CLANG_WARN_BOOL_CONVERSION = YES;
				CLANG_WARN_COMMA = YES;
				CLANG_WARN_CONSTANT_CONVERSION = YES;
				CLANG_WARN_DEPRECATED_OBJC_IMPLEMENTATIONS = YES;
				CLANG_WARN_DIRECT_OBJC_ISA_USAGE = YES_ERROR;
				CLANG_WARN_DOCUMENTATION_COMMENTS = YES;
				CLANG_WARN_EMPTY_BODY = YES;
				CLANG_WARN_ENUM_CONVERSION = YES;
				CLANG_WARN_INFINITE_RECURSION = YES;
				CLANG_WARN_INT_CONVERSION = YES;
				CLANG_WARN_NON_LITERAL_NULL_CONVERSION = YES;
				CLANG_WARN_OBJC_IMPLICIT_RETAIN_SELF = YES;
				CLANG_WARN_OBJC_LITERAL_CONVERSION = YES;
				CLANG_WARN_OBJC_ROOT_CLASS = YES_ERROR;
				CLANG_WARN_QUOTED_INCLUDE_IN_FRAMEWORK_HEADER = YES;
				CLANG_WARN_RANGE_LOOP_ANALYSIS = YES;
				CLANG_WARN_STRICT_PROTOTYPES = YES;
				CLANG_WARN_SUSPICIOUS_MOVE = YES;
				CLANG_WARN_UNGUARDED_AVAILABILITY = YES_AGGRESSIVE;
				CLANG_WARN_UNREACHABLE_CODE = YES;
				CLANG_WARN__DUPLICATE_METHOD_MATCH = YES;
				COPY_PHASE_STRIP = NO;
				DEBUG_INFORMATION_FORMAT = "dwarf-with-dsym";
				ENABLE_NS_ASSERTIONS = NO;
				ENABLE_STRICT_OBJC_MSGSEND = YES;
				GCC_C_LANGUAGE_STANDARD = gnu11;
				GCC_NO_COMMON_BLOCKS = YES;
				GCC_WARN_64_TO_32_BIT_CONVERSION = YES;
				GCC_WARN_ABOUT_RETURN_TYPE = YES_ERROR;
				GCC_WARN_UNDECLARED_SELECTOR = YES;
				GCC_WARN_UNINITIALIZED_AUTOS = YES_AGGRESSIVE;
				GCC_WARN_UNUSED_FUNCTION = YES;
				GCC_WARN_UNUSED_VARIABLE = YES;
				IPHONEOS_DEPLOYMENT_TARGET = 14.5;
				MTL_ENABLE_DEBUG_INFO = NO;
				MTL_FAST_MATH = YES;
				SDKROOT = iphoneos;
				SWIFT_COMPILATION_MODE = wholemodule;
				SWIFT_OPTIMIZATION_LEVEL = "-O";
				VALIDATE_PRODUCT = YES;
			};
			name = Release;
		};
		67D30E9826C50F17007748C4 /* Debug */ = {
			isa = XCBuildConfiguration;
			baseConfigurationReference = 3A2B9077FBDA7574F1F28701 /* Pods-AllergyInsider.debug.xcconfig */;
			buildSettings = {
				ASSETCATALOG_COMPILER_APPICON_NAME = AppIcon;
				ASSETCATALOG_COMPILER_GLOBAL_ACCENT_COLOR_NAME = AccentColor;
				CODE_SIGN_STYLE = Automatic;
				DEVELOPMENT_TEAM = L53MRY49Z2;
				INFOPLIST_FILE = AllergyInsider/Info.plist;
				LD_RUNPATH_SEARCH_PATHS = (
					"$(inherited)",
					"@executable_path/Frameworks",
				);
				PRODUCT_BUNDLE_IDENTIFIER = hyeon.AllergyInsider;
				PRODUCT_NAME = "$(TARGET_NAME)";
				SWIFT_VERSION = 5.0;
				TARGETED_DEVICE_FAMILY = "1,2";
			};
			name = Debug;
		};
		67D30E9926C50F17007748C4 /* Release */ = {
			isa = XCBuildConfiguration;
			baseConfigurationReference = 28554C7D85F5DAFF38730896 /* Pods-AllergyInsider.release.xcconfig */;
			buildSettings = {
				ASSETCATALOG_COMPILER_APPICON_NAME = AppIcon;
				ASSETCATALOG_COMPILER_GLOBAL_ACCENT_COLOR_NAME = AccentColor;
				CODE_SIGN_STYLE = Automatic;
				DEVELOPMENT_TEAM = L53MRY49Z2;
				INFOPLIST_FILE = AllergyInsider/Info.plist;
				LD_RUNPATH_SEARCH_PATHS = (
					"$(inherited)",
					"@executable_path/Frameworks",
				);
				PRODUCT_BUNDLE_IDENTIFIER = hyeon.AllergyInsider;
				PRODUCT_NAME = "$(TARGET_NAME)";
				SWIFT_VERSION = 5.0;
				TARGETED_DEVICE_FAMILY = "1,2";
			};
			name = Release;
		};
/* End XCBuildConfiguration section */

/* Begin XCConfigurationList section */
		67D30E7E26C50F16007748C4 /* Build configuration list for PBXProject "AllergyInsider" */ = {
			isa = XCConfigurationList;
			buildConfigurations = (
				67D30E9526C50F17007748C4 /* Debug */,
				67D30E9626C50F17007748C4 /* Release */,
			);
			defaultConfigurationIsVisible = 0;
			defaultConfigurationName = Release;
		};
		67D30E9726C50F17007748C4 /* Build configuration list for PBXNativeTarget "AllergyInsider" */ = {
			isa = XCConfigurationList;
			buildConfigurations = (
				67D30E9826C50F17007748C4 /* Debug */,
				67D30E9926C50F17007748C4 /* Release */,
			);
			defaultConfigurationIsVisible = 0;
			defaultConfigurationName = Release;
		};
/* End XCConfigurationList section */
	};
	rootObject = 67D30E7B26C50F16007748C4 /* Project object */;
}
